{
    "name": "crud-api",
    "version": "1.0.0",
    "lockfileVersion": 3,
    "requires": true,
    "packages": {
        "": {
            "name": "crud-api",
            "version": "1.0.0",
            "license": "ISC",
            "devDependencies": {},
            "engines": {
                "node": ">=22.14.0"
            }
        }
    }
}
